
Microsoft Visual Studio Solution File, Format Version 12.00
# Visual Studio Version 17
VisualStudioVersion = 17.8.34309.116
MinimumVisualStudioVersion = 10.0.40219.1
Project("{9A19103F-16F7-4668-BE54-9A1E7A4F7556}") = "TestWeb", "TestWeb\TestWeb.csproj", "{53FB48E7-C35C-4882-BF52-27E0E0279A19}"
EndProject
Project("{9A19103F-16F7-4668-BE54-9A1E7A4F7556}") = "Serilog.Sinks.VngCloudLogging", "Serilog.Sinks.VngCloudLogging\Serilog.Sinks.VngCloudLogging.csproj", "{7FF2C587-BA8E-4B8B-88C7-ABB6566F3A1A}"
EndProject
Global
	GlobalSection(SolutionConfigurationPlatforms) = preSolution
		Debug|Any CPU = Debug|Any CPU
		Release|Any CPU = Release|Any CPU
	EndGlobalSection
	GlobalSection(ProjectConfigurationPlatforms) = postSolution
		{53FB48E7-C35C-4882-BF52-27E0E0279A19}.Debug|Any CPU.ActiveCfg = Debug|Any CPU
		{53FB48E7-C35C-4882-BF52-27E0E0279A19}.Debug|Any CPU.Build.0 = Debug|Any CPU
		{53FB48E7-C35C-4882-BF52-27E0E0279A19}.Release|Any CPU.ActiveCfg = Release|Any CPU
		{53FB48E7-C35C-4882-BF52-27E0E0279A19}.Release|Any CPU.Build.0 = Release|Any CPU
		{7FF2C587-BA8E-4B8B-88C7-ABB6566F3A1A}.Debug|Any CPU.ActiveCfg = Debug|Any CPU
		{7FF2C587-BA8E-4B8B-88C7-ABB6566F3A1A}.Debug|Any CPU.Build.0 = Debug|Any CPU
		{7FF2C587-BA8E-4B8B-88C7-ABB6566F3A1A}.Release|Any CPU.ActiveCfg = Release|Any CPU
		{7FF2C587-BA8E-4B8B-88C7-ABB6566F3A1A}.Release|Any CPU.Build.0 = Release|Any CPU
	EndGlobalSection
	GlobalSection(SolutionProperties) = preSolution
		HideSolutionNode = FALSE
	EndGlobalSection
	GlobalSection(ExtensibilityGlobals) = postSolution
		SolutionGuid = {98913C3F-3465-4182-9110-36412E94E18D}
	EndGlobalSection
EndGlobal
